
Microsoft Visual Studio Solution File, Format Version 12.00
# Visual Studio 2012
Project("{FAE04EC0-301F-11D3-BF4B-00C04F79EFBC}") = "MEAClosedLoop", "MEAClosedLoop\MEAClosedLoop.csproj", "{11F80F97-BADE-4F7E-8299-539214BA9BF5}"
	ProjectSection(ProjectDependencies) = postProject
		{37B2F535-FAA8-4C99-9FBE-762655F36F0F} = {37B2F535-FAA8-4C99-9FBE-762655F36F0F}
	EndProjectSection
EndProject
Project("{2150E333-8FDC-42A3-9474-1A3956D46DE8}") = "Solution Items", "Solution Items", "{B16D12CE-1C61-4707-A7C4-33A1EA8EE49F}"
	ProjectSection(SolutionItems) = preProject
		Local.testsettings = Local.testsettings
		MEAClosedLoop.vsmdi = MEAClosedLoop.vsmdi
		TraceAndTestImpact.testsettings = TraceAndTestImpact.testsettings
	EndProjectSection
EndProject
Project("{FAE04EC0-301F-11D3-BF4B-00C04F79EFBC}") = "StimDetectorTest", "StimDetectorTest\StimDetectorTest.csproj", "{B9EDF56C-BEF6-4309-A289-C24ED1A475C9}"
	ProjectSection(ProjectDependencies) = postProject
		{37B2F535-FAA8-4C99-9FBE-762655F36F0F} = {37B2F535-FAA8-4C99-9FBE-762655F36F0F}
	EndProjectSection
EndProject
Project("{FAE04EC0-301F-11D3-BF4B-00C04F79EFBC}") = "Content", "Content\Content.contentproj", "{450A33CF-526A-4638-88DC-C3303A45FC73}"
EndProject
Project("{FAE04EC0-301F-11D3-BF4B-00C04F79EFBC}") = "XNALibrary", "XNALibrary\XNALibrary.csproj", "{37B2F535-FAA8-4C99-9FBE-762655F36F0F}"
EndProject
Global
	GlobalSection(TestCaseManagementSettings) = postSolution
		CategoryFile = MEAClosedLoop.vsmdi
	EndGlobalSection
	GlobalSection(SolutionConfigurationPlatforms) = preSolution
		Debug|Any CPU = Debug|Any CPU
		Debug|Mixed Platforms = Debug|Mixed Platforms
		Debug|Win32 = Debug|Win32
		Debug|x86 = Debug|x86
		Release|Any CPU = Release|Any CPU
		Release|Mixed Platforms = Release|Mixed Platforms
		Release|Win32 = Release|Win32
		Release|x86 = Release|x86
	EndGlobalSection
	GlobalSection(ProjectConfigurationPlatforms) = postSolution
		{11F80F97-BADE-4F7E-8299-539214BA9BF5}.Debug|Any CPU.ActiveCfg = Debug|x86
		{11F80F97-BADE-4F7E-8299-539214BA9BF5}.Debug|Mixed Platforms.ActiveCfg = Debug|x86
		{11F80F97-BADE-4F7E-8299-539214BA9BF5}.Debug|Mixed Platforms.Build.0 = Debug|x86
		{11F80F97-BADE-4F7E-8299-539214BA9BF5}.Debug|Win32.ActiveCfg = Debug|x86
		{11F80F97-BADE-4F7E-8299-539214BA9BF5}.Debug|x86.ActiveCfg = Debug|x86
		{11F80F97-BADE-4F7E-8299-539214BA9BF5}.Debug|x86.Build.0 = Debug|x86
		{11F80F97-BADE-4F7E-8299-539214BA9BF5}.Release|Any CPU.ActiveCfg = Release|x86
		{11F80F97-BADE-4F7E-8299-539214BA9BF5}.Release|Mixed Platforms.ActiveCfg = Release|x86
		{11F80F97-BADE-4F7E-8299-539214BA9BF5}.Release|Mixed Platforms.Build.0 = Release|x86
		{11F80F97-BADE-4F7E-8299-539214BA9BF5}.Release|Win32.ActiveCfg = Release|x86
		{11F80F97-BADE-4F7E-8299-539214BA9BF5}.Release|x86.ActiveCfg = Release|x86
		{11F80F97-BADE-4F7E-8299-539214BA9BF5}.Release|x86.Build.0 = Release|x86
		{B9EDF56C-BEF6-4309-A289-C24ED1A475C9}.Debug|Any CPU.ActiveCfg = Debug|x86
		{B9EDF56C-BEF6-4309-A289-C24ED1A475C9}.Debug|Mixed Platforms.ActiveCfg = Debug|x86
		{B9EDF56C-BEF6-4309-A289-C24ED1A475C9}.Debug|Mixed Platforms.Build.0 = Debug|x86
		{B9EDF56C-BEF6-4309-A289-C24ED1A475C9}.Debug|Win32.ActiveCfg = Debug|x86
		{B9EDF56C-BEF6-4309-A289-C24ED1A475C9}.Debug|x86.ActiveCfg = Debug|x86
		{B9EDF56C-BEF6-4309-A289-C24ED1A475C9}.Debug|x86.Build.0 = Debug|x86
		{B9EDF56C-BEF6-4309-A289-C24ED1A475C9}.Release|Any CPU.ActiveCfg = Release|x86
		{B9EDF56C-BEF6-4309-A289-C24ED1A475C9}.Release|Mixed Platforms.ActiveCfg = Release|x86
		{B9EDF56C-BEF6-4309-A289-C24ED1A475C9}.Release|Mixed Platforms.Build.0 = Release|x86
		{B9EDF56C-BEF6-4309-A289-C24ED1A475C9}.Release|Win32.ActiveCfg = Release|x86
		{B9EDF56C-BEF6-4309-A289-C24ED1A475C9}.Release|x86.ActiveCfg = Release|x86
		{B9EDF56C-BEF6-4309-A289-C24ED1A475C9}.Release|x86.Build.0 = Release|x86
		{450A33CF-526A-4638-88DC-C3303A45FC73}.Debug|Any CPU.ActiveCfg = Debug|Any CPU
		{450A33CF-526A-4638-88DC-C3303A45FC73}.Debug|Mixed Platforms.ActiveCfg = Debug|Any CPU
		{450A33CF-526A-4638-88DC-C3303A45FC73}.Debug|Win32.ActiveCfg = Debug|Any CPU
		{450A33CF-526A-4638-88DC-C3303A45FC73}.Debug|x86.ActiveCfg = Debug|Any CPU
		{450A33CF-526A-4638-88DC-C3303A45FC73}.Release|Any CPU.ActiveCfg = Debug|Any CPU
		{450A33CF-526A-4638-88DC-C3303A45FC73}.Release|Mixed Platforms.ActiveCfg = Debug|Any CPU
		{450A33CF-526A-4638-88DC-C3303A45FC73}.Release|Win32.ActiveCfg = Debug|Any CPU
		{450A33CF-526A-4638-88DC-C3303A45FC73}.Release|x86.ActiveCfg = Debug|Any CPU
		{37B2F535-FAA8-4C99-9FBE-762655F36F0F}.Debug|Any CPU.ActiveCfg = Debug|x86
		{37B2F535-FAA8-4C99-9FBE-762655F36F0F}.Debug|Mixed Platforms.ActiveCfg = Debug|x86
		{37B2F535-FAA8-4C99-9FBE-762655F36F0F}.Debug|Mixed Platforms.Build.0 = Debug|x86
		{37B2F535-FAA8-4C99-9FBE-762655F36F0F}.Debug|Win32.ActiveCfg = Debug|x86
		{37B2F535-FAA8-4C99-9FBE-762655F36F0F}.Debug|Win32.Build.0 = Debug|x86
		{37B2F535-FAA8-4C99-9FBE-762655F36F0F}.Debug|x86.ActiveCfg = Debug|x86
		{37B2F535-FAA8-4C99-9FBE-762655F36F0F}.Debug|x86.Build.0 = Debug|x86
		{37B2F535-FAA8-4C99-9FBE-762655F36F0F}.Release|Any CPU.ActiveCfg = Release|x86
		{37B2F535-FAA8-4C99-9FBE-762655F36F0F}.Release|Mixed Platforms.ActiveCfg = Release|x86
		{37B2F535-FAA8-4C99-9FBE-762655F36F0F}.Release|Mixed Platforms.Build.0 = Release|x86
		{37B2F535-FAA8-4C99-9FBE-762655F36F0F}.Release|Win32.ActiveCfg = Release|x86
		{37B2F535-FAA8-4C99-9FBE-762655F36F0F}.Release|Win32.Build.0 = Release|x86
		{37B2F535-FAA8-4C99-9FBE-762655F36F0F}.Release|x86.ActiveCfg = Release|x86
		{37B2F535-FAA8-4C99-9FBE-762655F36F0F}.Release|x86.Build.0 = Release|x86
	EndGlobalSection
	GlobalSection(SolutionProperties) = preSolution
		HideSolutionNode = FALSE
	EndGlobalSection
	GlobalSection(Performance) = preSolution
		HasPerformanceSessions = true
	EndGlobalSection
EndGlobal
